
Microsoft Visual Studio Solution File, Format Version 12.00
Project("{FAE04EC0-301F-11D3-BF4B-00C04F79EFBC}") = "FunctionExample", "FunctionExample\FunctionExample.csproj", "{D15CF24F-FB4A-4478-836E-8E3D1A7A4991}"
EndProject
Global
	GlobalSection(SolutionConfigurationPlatforms) = preSolution
		Debug|Any CPU = Debug|Any CPU
		Release|Any CPU = Release|Any CPU
	EndGlobalSection
	GlobalSection(ProjectConfigurationPlatforms) = postSolution
		{D15CF24F-FB4A-4478-836E-8E3D1A7A4991}.Debug|Any CPU.ActiveCfg = Debug|Any CPU
		{D15CF24F-FB4A-4478-836E-8E3D1A7A4991}.Debug|Any CPU.Build.0 = Debug|Any CPU
		{D15CF24F-FB4A-4478-836E-8E3D1A7A4991}.Release|Any CPU.ActiveCfg = Release|Any CPU
		{D15CF24F-FB4A-4478-836E-8E3D1A7A4991}.Release|Any CPU.Build.0 = Release|Any CPU
	EndGlobalSection
EndGlobal
